
Microsoft Visual Studio Solution File, Format Version 12.00
# Visual Studio Version 17
VisualStudioVersion = 17.1.32421.90
MinimumVisualStudioVersion = 10.0.40219.1
Project("{FAE04EC0-301F-11D3-BF4B-00C04F79EFBC}") = "tp02", "tp02\tp02.csproj", "{8185F8B5-7747-4E17-B0B2-858112556388}"
EndProject
Global
	GlobalSection(SolutionConfigurationPlatforms) = preSolution
		Debug|Any CPU = Debug|Any CPU
		Release|Any CPU = Release|Any CPU
	EndGlobalSection
	GlobalSection(ProjectConfigurationPlatforms) = postSolution
		{8185F8B5-7747-4E17-B0B2-858112556388}.Debug|Any CPU.ActiveCfg = Debug|Any CPU
		{8185F8B5-7747-4E17-B0B2-858112556388}.Debug|Any CPU.Build.0 = Debug|Any CPU
		{8185F8B5-7747-4E17-B0B2-858112556388}.Release|Any CPU.ActiveCfg = Release|Any CPU
		{8185F8B5-7747-4E17-B0B2-858112556388}.Release|Any CPU.Build.0 = Release|Any CPU
	EndGlobalSection
	GlobalSection(SolutionProperties) = preSolution
		HideSolutionNode = FALSE
	EndGlobalSection
	GlobalSection(ExtensibilityGlobals) = postSolution
		SolutionGuid = {8D9480AA-DA56-46D1-BEB0-0D5D0679320B}
	EndGlobalSection
EndGlobal
